{
  "originHash" : "d9785dcc884241f33c57d15c6703b5f1b527293ac742d52b404cb1c15c70b7ca",
  "pins" : [
    {
      "identity" : "digest",
      "kind" : "remoteSourceControl",
      "location" : "https://github.com/leif-ibsen/Digest",
      "state" : {
        "revision" : "05f079878ec5fb05c7d9c94f35dbc4f5ec054d54",
        "version" : "1.6.0"
      }
    }
  ],
  "version" : 3
}
